lockfileVersion: "9.0"

settings:
  autoInstallPeers: true
  excludeLinksFromLockfile: false

importers:
  .:
    devDependencies:
      happy-dom:
        specifier: 20.14.6
        version: 20.14.6

packages:
  "@types/node@26.6.4":
    resolution:
      {
        integrity: sha512-ldVPDCzj7fsaGZrLB0NuHuTvJcsNasysBAqMolr/cgxrLd1xbqxIr3XJiPnHHJUCxj5sNF1vnRj9aWnrVh5Jcg==,
      }

  "@types/whatwg-mimetype@3.0.2":
    resolution:
      {
        integrity: sha512-c2AKvDT8ToxLIOUlN51gTiHXflsfIFisS4pO7pDPoKouJCESkhZnEy623gwP9laCy5lnLDAw1vAzu2vM2YLOrA==,
      }

  "@types/ws@8.18.2":
    resolution:
      {
        integrity: sha512-67MQl+fpWKVTT1NYdnmo3U4sc/xPo/zQBncVnI74qmQa0z/b+1g6iYqNmGCPbxO+zz2aklb08a0oHfegiVd0/w==,
      }

  buffer-image-size@0.6.4:
    resolution:
      {
        integrity: sha512-nEh+kZOPY1w+gcCMobZ6ETUp9WfibndnosbpwB1iJk/8Gt5ZF2bhS6+B6bPYz424KtwsR6Rflc3tCz1/ghX2dQ==,
      }
    engines: { node: ">=4.0" }

  entities@7.0.1:
    resolution:
      {
        integrity: sha512-TWrgLOFUQTH994YUyl1yT4uyavY5nNB5muff+RtWaqNVCAK408b5ZnnbNAUEWLTCpum9w6arT70i1XdQ4UeOPA==,
      }
    engines: { node: ">=0.12" }

  happy-dom@20.14.6:
    resolution:
      {
        integrity: sha512-5DDsf4QmEIlRL6NkCv/fxSjYHHkZceL/IaYQdJc2h3G7DRTEai++VTjbfL0LB9geW2VrA3+vrjF3Efx+OTtX0Q==,
      }
    engines: { node: ">=20.0.0" }

  undici-types@8.9.0:
    resolution:
      {
        integrity: sha512-KTDyRTYX8sWmKXAikPHHSyc63CRPETMctyjKFupcC6OBLXT3xsN0e9aF7m+mIXutFWpUXuedtowG7iLOzp0kQg==,
      }

  whatwg-mimetype@3.0.0:
    resolution:
      {
        integrity: sha512-nt+N2dzIutVRxARx1nghPKGv1xHikU7HKdfafKkLNLindmPU/ch3U31NOCGGA/dmPcmb1VlofO0vnKAcsm0o/Q==,
      }
    engines: { node: ">=12" }

  ws@8.22.0:
    resolution:
      {
        integrity: sha512-Ydggc987+RO0AnWtZ/7Wq9FtNvcrL1b/RO0ud9mWjUPgDrsAAwQSF51sm2hm1XofbU/4jkpGEsLFsZZxU+1DOg==,
      }
    engines: { node: ">=10.0.0" }
    peerDependencies:
      bufferutil: ^4.0.1
      utf-8-validate: ">=5.0.2"
    peerDependenciesMeta:
      bufferutil:
        optional: true
      utf-8-validate:
        optional: true

snapshots:
  "@types/node@26.6.4":
    dependencies:
      undici-types: 8.9.0

  "@types/whatwg-mimetype@3.0.2": {}

  "@types/ws@8.18.2":
    dependencies:
      "@types/node": 26.6.4

  buffer-image-size@0.6.4:
    dependencies:
      "@types/node": 26.6.4

  entities@7.0.1: {}

  happy-dom@20.14.6:
    dependencies:
      "@types/node": 26.6.4
      "@types/whatwg-mimetype": 3.0.2
      "@types/ws": 8.18.2
      buffer-image-size: 0.6.4
      entities: 7.0.1
      whatwg-mimetype: 3.0.0
      ws: 8.22.0
    transitivePeerDependencies:
      - bufferutil
      - utf-8-validate

  undici-types@8.9.0: {}

  whatwg-mimetype@3.0.0: {}

  ws@8.22.0: {}
